
Microsoft Visual Studio Solution File, Format Version 12.00
# Visual Studio Version 17
VisualStudioVersion = 17.10.35013.160
MinimumVisualStudioVersion = 10.0.40219.1
Project("{FAE04EC0-301F-11D3-BF4B-00C04F79EFBC}") = "ThreatVisualizer", "ThreatVisualizer.csproj", "{75D8C4F3-369D-4D9A-B8FA-832F2CDB2B5B}"
EndProject
Global
	GlobalSection(SolutionConfigurationPlatforms) = preSolution
		Debug|Any CPU = Debug|Any CPU
		Release|Any CPU = Release|Any CPU
	EndGlobalSection
	GlobalSection(ProjectConfigurationPlatforms) = postSolution
		{75D8C4F3-369D-4D9A-B8FA-832F2CDB2B5B}.Debug|Any CPU.ActiveCfg = Debug|Any CPU
		{75D8C4F3-369D-4D9A-B8FA-832F2CDB2B5B}.Debug|Any CPU.Build.0 = Debug|Any CPU
		{75D8C4F3-369D-4D9A-B8FA-832F2CDB2B5B}.Release|Any CPU.ActiveCfg = Release|Any CPU
		{75D8C4F3-369D-4D9A-B8FA-832F2CDB2B5B}.Release|Any CPU.Build.0 = Release|Any CPU
	EndGlobalSection
	GlobalSection(SolutionProperties) = preSolution
		HideSolutionNode = FALSE
	EndGlobalSection
	GlobalSection(ExtensibilityGlobals) = postSolution
		SolutionGuid = {2CF429BA-EE54-4013-9C0A-963F26E60680}
	EndGlobalSection
EndGlobal
